# This file is generated by running "yarn install" inside your project.
# Manual changes might be lost - proceed with caution!

__metadata:
  version: 8
  cacheKey: 10c0

"@datastructures-js/binary-search-tree@npm:^5.3.1":
  version: 5.3.3
  resolution: "@datastructures-js/binary-search-tree@npm:5.3.3"
  checksum: 10c0/b4fcfc4887bd14365e54f4d3df6d98de140fc236f919d88dac655af21505321c8d33a17a9be1066fad88531189a523e93575002a04b50ff8465a903e44e46610
  languageName: node
  linkType: hard

"@datastructures-js/deque@npm:^1.0.4":
  version: 1.0.6
  resolution: "@datastructures-js/deque@npm:1.0.6"
  checksum: 10c0/2f25bbc1e9fbc9e29ebba415ce7d03c8da15e85bff0bff926b284f9bc52c1212e11e31ae2e28a41e284eea77e0b688c6337b0cd0b91b71ed41176d5809188815
  languageName: node
  linkType: hard

"@datastructures-js/graph@npm:^5.3.0":
  version: 5.3.1
  resolution: "@datastructures-js/graph@npm:5.3.1"
  dependencies:
    "@datastructures-js/queue": "npm:^3.1.3"
  checksum: 10c0/fe52b73238032be81087c5b70e8d1bd603584c74f5822f6d70fad4aa8cf2ebf4596bf95a61c7dfc811fdfd90371223abc96483e2785b5b980b3dcef7ca6205b0
  languageName: node
  linkType: hard

"@datastructures-js/heap@npm:^4.3.2, @datastructures-js/heap@npm:^4.3.3":
  version: 4.3.5
  resolution: "@datastructures-js/heap@npm:4.3.5"
  checksum: 10c0/bf9aff786a9bd259c10b01ff944c7a5f79e55ac6cd490da2dd45895e57cf688ffa6aeaca970fe273e13d2822f3ec41f2f0ed079194324fc8a7d29d3802ba85cd
  languageName: node
  linkType: hard

"@datastructures-js/linked-list@npm:^6.1.0":
  version: 6.1.4
  resolution: "@datastructures-js/linked-list@npm:6.1.4"
  checksum: 10c0/ada6f9916f412641c2866f2b87205123f571473533306708f5e035970ee0ce77389aaa24aab357a851df8c7263d4ee9bc8d007ae6574085cb2f9f06a955ccb2b
  languageName: node
  linkType: hard

"@datastructures-js/priority-queue@npm:^6.3.0":
  version: 6.3.4
  resolution: "@datastructures-js/priority-queue@npm:6.3.4"
  dependencies:
    "@datastructures-js/heap": "npm:^4.3.3"
  checksum: 10c0/80899a540549aa7000581b0dde04c9e4834616af0c7fb77419b8cbd95b92da167f081b107aaff10e69a514614d623c640295fc4645c566a3151fe0a3f1bf6750
  languageName: node
  linkType: hard

"@datastructures-js/queue@npm:^3.1.3":
  version: 3.1.4
  resolution: "@datastructures-js/queue@npm:3.1.4"
  checksum: 10c0/ea9de33df05b0d938160f2bb383e6be9fa1b9262e515a4db1adc04d7526a65d7d49d1253f31bc1a787ba0b490b17c4806b0f96bf5f0427edb7bdb0ce82d1c887
  languageName: node
  linkType: hard

"@datastructures-js/queue@npm:^4.2.3":
  version: 4.2.4
  resolution: "@datastructures-js/queue@npm:4.2.4"
  checksum: 10c0/0eb2dc6b7efb314bfbf088d64f1fc11b29eebb5b86f56d59f8bc2e052cf682cd0f473b6bf1eb35424b6a65cd620f6a0d6509c43adc848838165362fecde469ac
  languageName: node
  linkType: hard

"@datastructures-js/set@npm:^4.2.1":
  version: 4.2.2
  resolution: "@datastructures-js/set@npm:4.2.2"
  checksum: 10c0/a1b6bc6fffb3eaee222c05748b4e36af34b849841e942361af94a8dbd101123cb8f7d6099a8f0a23e47ac5f531290838b72343441f251cff483212c999a0e90f
  languageName: node
  linkType: hard

"@datastructures-js/stack@npm:^3.1.4":
  version: 3.1.5
  resolution: "@datastructures-js/stack@npm:3.1.5"
  checksum: 10c0/1050a0d9d2ef789c63b650ee27432615e660d4b0fa3ae5a7a941f8ca5a435f0293be35d0e11686a58ee52307d019ce8e6cbff4fb1341707b1932af5ea02d16f3
  languageName: node
  linkType: hard

"@datastructures-js/trie@npm:^4.2.2":
  version: 4.2.3
  resolution: "@datastructures-js/trie@npm:4.2.3"
  checksum: 10c0/352b81cbbbcb56392834378627d08c9c2a29bdbe89ebcc387ef22cd3675309463321f3fa478103780cf276584c6f4c0944081d92a246b4f904df5992da4f6ecc
  languageName: node
  linkType: hard

"app@workspace:.":
  version: 0.0.0-use.local
  resolution: "app@workspace:."
  dependencies:
    datastructures-js: "npm:^13.0.0"
  languageName: unknown
  linkType: soft

"datastructures-js@npm:^13.0.0":
  version: 13.0.0
  resolution: "datastructures-js@npm:13.0.0"
  dependencies:
    "@datastructures-js/binary-search-tree": "npm:^5.3.1"
    "@datastructures-js/deque": "npm:^1.0.4"
    "@datastructures-js/graph": "npm:^5.3.0"
    "@datastructures-js/heap": "npm:^4.3.2"
    "@datastructures-js/linked-list": "npm:^6.1.0"
    "@datastructures-js/priority-queue": "npm:^6.3.0"
    "@datastructures-js/queue": "npm:^4.2.3"
    "@datastructures-js/set": "npm:^4.2.1"
    "@datastructures-js/stack": "npm:^3.1.4"
    "@datastructures-js/trie": "npm:^4.2.2"
  checksum: 10c0/7e4fc97082242d83b24ac6a7919220e97c42027a83f93095d51f0c498a3dee013c803d689c730ddf465dec01e1a8f36d28f77ad13f5ccb1f6ad40014129148e1
  languageName: node
  linkType: hard
